// !$*UTF8*$!
{
	archiveVersion = 1;
	classes = {
	};
	objectVersion = 55;
	objects = {

/* Begin PBXBuildFile section */
		E5F2F1F42841FC29007CF7C6 /* AppDelegate.swift in Sources */ = {isa = PBXBuildFile; fileRef = E5F2F1F32841FC29007CF7C6 /* AppDelegate.swift */; };
		E5F2F1F62841FC29007CF7C6 /* SceneDelegate.swift in Sources */ = {isa = PBXBuildFile; fileRef = E5F2F1F52841FC29007CF7C6 /* SceneDelegate.swift */; };
		E5F2F1FD2841FC2B007CF7C6 /* Assets.xcassets in Resources */ = {isa = PBXBuildFile; fileRef = E5F2F1FC2841FC2B007CF7C6 /* Assets.xcassets */; };
		E5F2F2002841FC2B007CF7C6 /* LaunchScreen.storyboard in Resources */ = {isa = PBXBuildFile; fileRef = E5F2F1FE2841FC2B007CF7C6 /* LaunchScreen.storyboard */; };
		E5F2F20E28420393007CF7C6 /* MainTabController.swift in Sources */ = {isa = PBXBuildFile; fileRef = E5F2F20D28420393007CF7C6 /* MainTabController.swift */; };
		E5F2F210284204C1007CF7C6 /* FeedController.swift in Sources */ = {isa = PBXBuildFile; fileRef = E5F2F20F284204C1007CF7C6 /* FeedController.swift */; };
		E5F2F212284204F7007CF7C6 /* ExploreController.swift in Sources */ = {isa = PBXBuildFile; fileRef = E5F2F211284204F7007CF7C6 /* ExploreController.swift */; };
		E5F2F2142842051B007CF7C6 /* NotificationsController.swift in Sources */ = {isa = PBXBuildFile; fileRef = E5F2F2132842051B007CF7C6 /* NotificationsController.swift */; };
		E5F2F2162842052B007CF7C6 /* ConversationsController.swift in Sources */ = {isa = PBXBuildFile; fileRef = E5F2F2152842052B007CF7C6 /* ConversationsController.swift */; };
		E5F2F21A28420DD8007CF7C6 /* Extensions.swift in Sources */ = {isa = PBXBuildFile; fileRef = E5F2F21928420DD8007CF7C6 /* Extensions.swift */; };
		E5F2F21D2842126F007CF7C6 /* LoginController.swift in Sources */ = {isa = PBXBuildFile; fileRef = E5F2F21C2842126F007CF7C6 /* LoginController.swift */; };
		E5F2F21F2842140A007CF7C6 /* RegistrationController.swift in Sources */ = {isa = PBXBuildFile; fileRef = E5F2F21E2842140A007CF7C6 /* RegistrationController.swift */; };
		E5F2F22228423D20007CF7C6 /* SnapKit in Frameworks */ = {isa = PBXBuildFile; productRef = E5F2F22128423D20007CF7C6 /* SnapKit */; };
		E5F2F2242842469E007CF7C6 /* Utilities.swift in Sources */ = {isa = PBXBuildFile; fileRef = E5F2F2232842469E007CF7C6 /* Utilities.swift */; };
		E5F2F2292842F3EE007CF7C6 /* FirebaseAuth in Frameworks */ = {isa = PBXBuildFile; productRef = E5F2F2282842F3EE007CF7C6 /* FirebaseAuth */; };
		E5F2F22B2842F3EE007CF7C6 /* FirebaseDatabase in Frameworks */ = {isa = PBXBuildFile; productRef = E5F2F22A2842F3EE007CF7C6 /* FirebaseDatabase */; };
		E5F2F22D2842F3EE007CF7C6 /* FirebaseStorage in Frameworks */ = {isa = PBXBuildFile; productRef = E5F2F22C2842F3EE007CF7C6 /* FirebaseStorage */; };
		E5F2F22F2842FD6F007CF7C6 /* Constants.swift in Sources */ = {isa = PBXBuildFile; fileRef = E5F2F22E2842FD6F007CF7C6 /* Constants.swift */; };
		E5F2F23128430E39007CF7C6 /* AuthService.swift in Sources */ = {isa = PBXBuildFile; fileRef = E5F2F23028430E39007CF7C6 /* AuthService.swift */; };
		E5F2F23328431B3E007CF7C6 /* GoogleService-Info.plist in Resources */ = {isa = PBXBuildFile; fileRef = E5F2F23228431B3E007CF7C6 /* GoogleService-Info.plist */; };
		E5F2F23528435034007CF7C6 /* UserService.swift in Sources */ = {isa = PBXBuildFile; fileRef = E5F2F23428435034007CF7C6 /* UserService.swift */; };
		E5F2F23728435CE9007CF7C6 /* User.swift in Sources */ = {isa = PBXBuildFile; fileRef = E5F2F23628435CE9007CF7C6 /* User.swift */; };
		E5F2F23A28436238007CF7C6 /* Kingfisher in Frameworks */ = {isa = PBXBuildFile; productRef = E5F2F23928436238007CF7C6 /* Kingfisher */; };
		E5F2F23C28436C01007CF7C6 /* UploadTweetController.swift in Sources */ = {isa = PBXBuildFile; fileRef = E5F2F23B28436C01007CF7C6 /* UploadTweetController.swift */; };
		E5F2F23E28438376007CF7C6 /* CaptionTextView.swift in Sources */ = {isa = PBXBuildFile; fileRef = E5F2F23D28438376007CF7C6 /* CaptionTextView.swift */; };
		E5F2F24028438BEF007CF7C6 /* TweetService.swift in Sources */ = {isa = PBXBuildFile; fileRef = E5F2F23F28438BEF007CF7C6 /* TweetService.swift */; };
		E5F2F24228439042007CF7C6 /* Tweet.swift in Sources */ = {isa = PBXBuildFile; fileRef = E5F2F24128439042007CF7C6 /* Tweet.swift */; };
		E5F2F24428439970007CF7C6 /* TweetCell.swift in Sources */ = {isa = PBXBuildFile; fileRef = E5F2F24328439970007CF7C6 /* TweetCell.swift */; };
/* End PBXBuildFile section */

/* Begin PBXFileReference section */
		E5F2F1F02841FC29007CF7C6 /* twitter.app */ = {isa = PBXFileReference; explicitFileType = wrapper.application; includeInIndex = 0; path = twitter.app; sourceTree = BUILT_PRODUCTS_DIR; };
		E5F2F1F32841FC29007CF7C6 /* AppDelegate.swift */ = {isa = PBXFileReference; lastKnownFileType = sourcecode.swift; path = AppDelegate.swift; sourceTree = "<group>"; };
		E5F2F1F52841FC29007CF7C6 /* SceneDelegate.swift */ = {isa = PBXFileReference; lastKnownFileType = sourcecode.swift; path = SceneDelegate.swift; sourceTree = "<group>"; };
		E5F2F1FC2841FC2B007CF7C6 /* Assets.xcassets */ = {isa = PBXFileReference; lastKnownFileType = folder.assetcatalog; path = Assets.xcassets; sourceTree = "<group>"; };
		E5F2F1FF2841FC2B007CF7C6 /* Base */ = {isa = PBXFileReference; lastKnownFileType = file.storyboard; name = Base; path = Base.lproj/LaunchScreen.storyboard; sourceTree = "<group>"; };
		E5F2F2012841FC2B007CF7C6 /* Info.plist */ = {isa = PBXFileReference; lastKnownFileType = text.plist.xml; path = Info.plist; sourceTree = "<group>"; };
		E5F2F20D28420393007CF7C6 /* MainTabController.swift */ = {isa = PBXFileReference; lastKnownFileType = sourcecode.swift; path = MainTabController.swift; sourceTree = "<group>"; };
		E5F2F20F284204C1007CF7C6 /* FeedController.swift */ = {isa = PBXFileReference; lastKnownFileType = sourcecode.swift; path = FeedController.swift; sourceTree = "<group>"; };
		E5F2F211284204F7007CF7C6 /* ExploreController.swift */ = {isa = PBXFileReference; lastKnownFileType = sourcecode.swift; path = ExploreController.swift; sourceTree = "<group>"; };
		E5F2F2132842051B007CF7C6 /* NotificationsController.swift */ = {isa = PBXFileReference; lastKnownFileType = sourcecode.swift; path = NotificationsController.swift; sourceTree = "<group>"; };
		E5F2F2152842052B007CF7C6 /* ConversationsController.swift */ = {isa = PBXFileReference; lastKnownFileType = sourcecode.swift; path = ConversationsController.swift; sourceTree = "<group>"; };
		E5F2F21928420DD8007CF7C6 /* Extensions.swift */ = {isa = PBXFileReference; lastKnownFileType = sourcecode.swift; path = Extensions.swift; sourceTree = "<group>"; };
		E5F2F21C2842126F007CF7C6 /* LoginController.swift */ = {isa = PBXFileReference; lastKnownFileType = sourcecode.swift; path = LoginController.swift; sourceTree = "<group>"; };
		E5F2F21E2842140A007CF7C6 /* RegistrationController.swift */ = {isa = PBXFileReference; lastKnownFileType = sourcecode.swift; path = RegistrationController.swift; sourceTree = "<group>"; };
		E5F2F2232842469E007CF7C6 /* Utilities.swift */ = {isa = PBXFileReference; lastKnownFileType = sourcecode.swift; path = Utilities.swift; sourceTree = "<group>"; };
		E5F2F22E2842FD6F007CF7C6 /* Constants.swift */ = {isa = PBXFileReference; lastKnownFileType = sourcecode.swift; path = Constants.swift; sourceTree = "<group>"; };
		E5F2F23028430E39007CF7C6 /* AuthService.swift */ = {isa = PBXFileReference; lastKnownFileType = sourcecode.swift; path = AuthService.swift; sourceTree = "<group>"; };
		E5F2F23228431B3E007CF7C6 /* GoogleService-Info.plist */ = {isa = PBXFileReference; lastKnownFileType = text.plist.xml; path = "GoogleService-Info.plist"; sourceTree = SOURCE_ROOT; };
		E5F2F23428435034007CF7C6 /* UserService.swift */ = {isa = PBXFileReference; lastKnownFileType = sourcecode.swift; path = UserService.swift; sourceTree = "<group>"; };
		E5F2F23628435CE9007CF7C6 /* User.swift */ = {isa = PBXFileReference; lastKnownFileType = sourcecode.swift; path = User.swift; sourceTree = "<group>"; };
		E5F2F23B28436C01007CF7C6 /* UploadTweetController.swift */ = {isa = PBXFileReference; lastKnownFileType = sourcecode.swift; path = UploadTweetController.swift; sourceTree = "<group>"; };
		E5F2F23D28438376007CF7C6 /* CaptionTextView.swift */ = {isa = PBXFileReference; lastKnownFileType = sourcecode.swift; path = CaptionTextView.swift; sourceTree = "<group>"; };
		E5F2F23F28438BEF007CF7C6 /* TweetService.swift */ = {isa = PBXFileReference; lastKnownFileType = sourcecode.swift; path = TweetService.swift; sourceTree = "<group>"; };
		E5F2F24128439042007CF7C6 /* Tweet.swift */ = {isa = PBXFileReference; lastKnownFileType = sourcecode.swift; path = Tweet.swift; sourceTree = "<group>"; };
		E5F2F24328439970007CF7C6 /* TweetCell.swift */ = {isa = PBXFileReference; lastKnownFileType = sourcecode.swift; path = TweetCell.swift; sourceTree = "<group>"; };
/* End PBXFileReference section */

/* Begin PBXFrameworksBuildPhase section */
		E5F2F1ED2841FC29007CF7C6 /* Frameworks */ = {
			isa = PBXFrameworksBuildPhase;
			buildActionMask = 2147483647;
			files = (
				E5F2F22B2842F3EE007CF7C6 /* FirebaseDatabase in Frameworks */,
				E5F2F22D2842F3EE007CF7C6 /* FirebaseStorage in Frameworks */,
				E5F2F22228423D20007CF7C6 /* SnapKit in Frameworks */,
				E5F2F2292842F3EE007CF7C6 /* FirebaseAuth in Frameworks */,
				E5F2F23A28436238007CF7C6 /* Kingfisher in Frameworks */,
			);
			runOnlyForDeploymentPostprocessing = 0;
		};
/* End PBXFrameworksBuildPhase section */

/* Begin PBXGroup section */
		E5F2F1E72841FC29007CF7C6 = {
			isa = PBXGroup;
			children = (
				E5F2F1F22841FC29007CF7C6 /* twitter */,
				E5F2F1F12841FC29007CF7C6 /* Products */,
			);
			sourceTree = "<group>";
		};
		E5F2F1F12841FC29007CF7C6 /* Products */ = {
			isa = PBXGroup;
			children = (
				E5F2F1F02841FC29007CF7C6 /* twitter.app */,
			);
			name = Products;
			sourceTree = "<group>";
		};
		E5F2F1F22841FC29007CF7C6 /* twitter */ = {
			isa = PBXGroup;
			children = (
				E5F2F1F32841FC29007CF7C6 /* AppDelegate.swift */,
				E5F2F1F52841FC29007CF7C6 /* SceneDelegate.swift */,
				E5F2F20B2842028E007CF7C6 /* API */,
				E5F2F20A2842028D007CF7C6 /* Model */,
				E5F2F2092842028B007CF7C6 /* View */,
				E5F2F20828420289007CF7C6 /* ViewModel */,
				E5F2F20728420271007CF7C6 /* Controller */,
				E5F2F20C284202C9007CF7C6 /* Utilities */,
				E5F2F1FC2841FC2B007CF7C6 /* Assets.xcassets */,
				E5F2F1FE2841FC2B007CF7C6 /* LaunchScreen.storyboard */,
				E5F2F2012841FC2B007CF7C6 /* Info.plist */,
				E5F2F23228431B3E007CF7C6 /* GoogleService-Info.plist */,
			);
			path = twitter;
			sourceTree = "<group>";
		};
		E5F2F20728420271007CF7C6 /* Controller */ = {
			isa = PBXGroup;
			children = (
				E5F2F21B2842124E007CF7C6 /* Authentication */,
				E5F2F20D28420393007CF7C6 /* MainTabController.swift */,
				E5F2F20F284204C1007CF7C6 /* FeedController.swift */,
				E5F2F211284204F7007CF7C6 /* ExploreController.swift */,
				E5F2F2132842051B007CF7C6 /* NotificationsController.swift */,
				E5F2F2152842052B007CF7C6 /* ConversationsController.swift */,
				E5F2F23B28436C01007CF7C6 /* UploadTweetController.swift */,
			);
			path = Controller;
			sourceTree = "<group>";
		};
		E5F2F20828420289007CF7C6 /* ViewModel */ = {
			isa = PBXGroup;
			children = (
			);
			path = ViewModel;
			sourceTree = "<group>";
		};
		E5F2F2092842028B007CF7C6 /* View */ = {
			isa = PBXGroup;
			children = (
				E5F2F23D28438376007CF7C6 /* CaptionTextView.swift */,
				E5F2F24328439970007CF7C6 /* TweetCell.swift */,
			);
			path = View;
			sourceTree = "<group>";
		};
		E5F2F20A2842028D007CF7C6 /* Model */ = {
			isa = PBXGroup;
			children = (
				E5F2F23628435CE9007CF7C6 /* User.swift */,
				E5F2F24128439042007CF7C6 /* Tweet.swift */,
			);
			path = Model;
			sourceTree = "<group>";
		};
		E5F2F20B2842028E007CF7C6 /* API */ = {
			isa = PBXGroup;
			children = (
				E5F2F23028430E39007CF7C6 /* AuthService.swift */,
				E5F2F23428435034007CF7C6 /* UserService.swift */,
				E5F2F23F28438BEF007CF7C6 /* TweetService.swift */,
			);
			path = API;
			sourceTree = "<group>";
		};
		E5F2F20C284202C9007CF7C6 /* Utilities */ = {
			isa = PBXGroup;
			children = (
				E5F2F21928420DD8007CF7C6 /* Extensions.swift */,
				E5F2F2232842469E007CF7C6 /* Utilities.swift */,
				E5F2F22E2842FD6F007CF7C6 /* Constants.swift */,
			);
			path = Utilities;
			sourceTree = "<group>";
		};
		E5F2F21B2842124E007CF7C6 /* Authentication */ = {
			isa = PBXGroup;
			children = (
				E5F2F21C2842126F007CF7C6 /* LoginController.swift */,
				E5F2F21E2842140A007CF7C6 /* RegistrationController.swift */,
			);
			path = Authentication;
			sourceTree = "<group>";
		};
/* End PBXGroup section */

/* Begin PBXNativeTarget section */
		E5F2F1EF2841FC29007CF7C6 /* twitter */ = {
			isa = PBXNativeTarget;
			buildConfigurationList = E5F2F2042841FC2B007CF7C6 /* Build configuration list for PBXNativeTarget "twitter" */;
			buildPhases = (
				E5F2F1EC2841FC29007CF7C6 /* Sources */,
				E5F2F1ED2841FC29007CF7C6 /* Frameworks */,
				E5F2F1EE2841FC29007CF7C6 /* Resources */,
			);
			buildRules = (
			);
			dependencies = (
			);
			name = twitter;
			packageProductDependencies = (
				E5F2F22128423D20007CF7C6 /* SnapKit */,
				E5F2F2282842F3EE007CF7C6 /* FirebaseAuth */,
				E5F2F22A2842F3EE007CF7C6 /* FirebaseDatabase */,
				E5F2F22C2842F3EE007CF7C6 /* FirebaseStorage */,
				E5F2F23928436238007CF7C6 /* Kingfisher */,
			);
			productName = twitter;
			productReference = E5F2F1F02841FC29007CF7C6 /* twitter.app */;
			productType = "com.apple.product-type.application";
		};
/* End PBXNativeTarget section */

/* Begin PBXProject section */
		E5F2F1E82841FC29007CF7C6 /* Project object */ = {
			isa = PBXProject;
			attributes = {
				BuildIndependentTargetsInParallel = 1;
				LastSwiftUpdateCheck = 1340;
				LastUpgradeCheck = 1340;
				TargetAttributes = {
					E5F2F1EF2841FC29007CF7C6 = {
						CreatedOnToolsVersion = 13.4;
					};
				};
			};
			buildConfigurationList = E5F2F1EB2841FC29007CF7C6 /* Build configuration list for PBXProject "twitter" */;
			compatibilityVersion = "Xcode 13.0";
			developmentRegion = en;
			hasScannedForEncodings = 0;
			knownRegions = (
				en,
				Base,
			);
			mainGroup = E5F2F1E72841FC29007CF7C6;
			packageReferences = (
				E5F2F22028423D20007CF7C6 /* XCRemoteSwiftPackageReference "SnapKit" */,
				E5F2F2272842F3EE007CF7C6 /* XCRemoteSwiftPackageReference "firebase-ios-sdk" */,
				E5F2F23828436238007CF7C6 /* XCRemoteSwiftPackageReference "Kingfisher" */,
			);
			productRefGroup = E5F2F1F12841FC29007CF7C6 /* Products */;
			projectDirPath = "";
			projectRoot = "";
			targets = (
				E5F2F1EF2841FC29007CF7C6 /* twitter */,
			);
		};
/* End PBXProject section */

/* Begin PBXResourcesBuildPhase section */
		E5F2F1EE2841FC29007CF7C6 /* Resources */ = {
			isa = PBXResourcesBuildPhase;
			buildActionMask = 2147483647;
			files = (
				E5F2F23328431B3E007CF7C6 /* GoogleService-Info.plist in Resources */,
				E5F2F2002841FC2B007CF7C6 /* LaunchScreen.storyboard in Resources */,
				E5F2F1FD2841FC2B007CF7C6 /* Assets.xcassets in Resources */,
			);
			runOnlyForDeploymentPostprocessing = 0;
		};
/* End PBXResourcesBuildPhase section */

/* Begin PBXSourcesBuildPhase section */
		E5F2F1EC2841FC29007CF7C6 /* Sources */ = {
			isa = PBXSourcesBuildPhase;
			buildActionMask = 2147483647;
			files = (
				E5F2F23528435034007CF7C6 /* UserService.swift in Sources */,
				E5F2F2142842051B007CF7C6 /* NotificationsController.swift in Sources */,
				E5F2F23E28438376007CF7C6 /* CaptionTextView.swift in Sources */,
				E5F2F2162842052B007CF7C6 /* ConversationsController.swift in Sources */,
				E5F2F2242842469E007CF7C6 /* Utilities.swift in Sources */,
				E5F2F1F42841FC29007CF7C6 /* AppDelegate.swift in Sources */,
				E5F2F21A28420DD8007CF7C6 /* Extensions.swift in Sources */,
				E5F2F21D2842126F007CF7C6 /* LoginController.swift in Sources */,
				E5F2F23128430E39007CF7C6 /* AuthService.swift in Sources */,
				E5F2F23C28436C01007CF7C6 /* UploadTweetController.swift in Sources */,
				E5F2F23728435CE9007CF7C6 /* User.swift in Sources */,
				E5F2F212284204F7007CF7C6 /* ExploreController.swift in Sources */,
				E5F2F24428439970007CF7C6 /* TweetCell.swift in Sources */,
				E5F2F20E28420393007CF7C6 /* MainTabController.swift in Sources */,
				E5F2F1F62841FC29007CF7C6 /* SceneDelegate.swift in Sources */,
				E5F2F21F2842140A007CF7C6 /* RegistrationController.swift in Sources */,
				E5F2F210284204C1007CF7C6 /* FeedController.swift in Sources */,
				E5F2F22F2842FD6F007CF7C6 /* Constants.swift in Sources */,
				E5F2F24228439042007CF7C6 /* Tweet.swift in Sources */,
				E5F2F24028438BEF007CF7C6 /* TweetService.swift in Sources */,
			);
			runOnlyForDeploymentPostprocessing = 0;
		};
/* End PBXSourcesBuildPhase section */

/* Begin PBXVariantGroup section */
		E5F2F1FE2841FC2B007CF7C6 /* LaunchScreen.storyboard */ = {
			isa = PBXVariantGroup;
			children = (
				E5F2F1FF2841FC2B007CF7C6 /* Base */,
			);
			name = LaunchScreen.storyboard;
			sourceTree = "<group>";
		};
/* End PBXVariantGroup section */

/* Begin XCBuildConfiguration section */
		E5F2F2022841FC2B007CF7C6 /* Debug */ = {
			isa = XCBuildConfiguration;
			buildSettings = {
				ALWAYS_SEARCH_USER_PATHS = NO;
				CLANG_ANALYZER_NONNULL = YES;
				CLANG_ANALYZER_NUMBER_OBJECT_CONVERSION = YES_AGGRESSIVE;
				CLANG_CXX_LANGUAGE_STANDARD = "gnu++17";
				CLANG_ENABLE_MODULES = YES;
				CLANG_ENABLE_OBJC_ARC = YES;
				CLANG_ENABLE_OBJC_WEAK = YES;
				CLANG_WARN_BLOCK_CAPTURE_AUTORELEASING = YES;
				CLANG_WARN_BOOL_CONVERSION = YES;
				CLANG_WARN_COMMA = YES;
				CLANG_WARN_CONSTANT_CONVERSION = YES;
				CLANG_WARN_DEPRECATED_OBJC_IMPLEMENTATIONS = YES;
				CLANG_WARN_DIRECT_OBJC_ISA_USAGE = YES_ERROR;
				CLANG_WARN_DOCUMENTATION_COMMENTS = YES;
				CLANG_WARN_EMPTY_BODY = YES;
				CLANG_WARN_ENUM_CONVERSION = YES;
				CLANG_WARN_INFINITE_RECURSION = YES;
				CLANG_WARN_INT_CONVERSION = YES;
				CLANG_WARN_NON_LITERAL_NULL_CONVERSION = YES;
				CLANG_WARN_OBJC_IMPLICIT_RETAIN_SELF = YES;
				CLANG_WARN_OBJC_LITERAL_CONVERSION = YES;
				CLANG_WARN_OBJC_ROOT_CLASS = YES_ERROR;
				CLANG_WARN_QUOTED_INCLUDE_IN_FRAMEWORK_HEADER = YES;
				CLANG_WARN_RANGE_LOOP_ANALYSIS = YES;
				CLANG_WARN_STRICT_PROTOTYPES = YES;
				CLANG_WARN_SUSPICIOUS_MOVE = YES;
				CLANG_WARN_UNGUARDED_AVAILABILITY = YES_AGGRESSIVE;
				CLANG_WARN_UNREACHABLE_CODE = YES;
				CLANG_WARN__DUPLICATE_METHOD_MATCH = YES;
				COPY_PHASE_STRIP = NO;
				DEBUG_INFORMATION_FORMAT = dwarf;
				ENABLE_STRICT_OBJC_MSGSEND = YES;
				ENABLE_TESTABILITY = YES;
				GCC_C_LANGUAGE_STANDARD = gnu11;
				GCC_DYNAMIC_NO_PIC = NO;
				GCC_NO_COMMON_BLOCKS = YES;
				GCC_OPTIMIZATION_LEVEL = 0;
				GCC_PREPROCESSOR_DEFINITIONS = (
					"DEBUG=1",
					"$(inherited)",
				);
				GCC_WARN_64_TO_32_BIT_CONVERSION = YES;
				GCC_WARN_ABOUT_RETURN_TYPE = YES_ERROR;
				GCC_WARN_UNDECLARED_SELECTOR = YES;
				GCC_WARN_UNINITIALIZED_AUTOS = YES_AGGRESSIVE;
				GCC_WARN_UNUSED_FUNCTION = YES;
				GCC_WARN_UNUSED_VARIABLE = YES;
				IPHONEOS_DEPLOYMENT_TARGET = 15.5;
				MTL_ENABLE_DEBUG_INFO = INCLUDE_SOURCE;
				MTL_FAST_MATH = YES;
				ONLY_ACTIVE_ARCH = YES;
				SDKROOT = iphoneos;
				SWIFT_ACTIVE_COMPILATION_CONDITIONS = DEBUG;
				SWIFT_OPTIMIZATION_LEVEL = "-Onone";
			};
			name = Debug;
		};
		E5F2F2032841FC2B007CF7C6 /* Release */ = {
			isa = XCBuildConfiguration;
			buildSettings = {
				ALWAYS_SEARCH_USER_PATHS = NO;
				CLANG_ANALYZER_NONNULL = YES;
				CLANG_ANALYZER_NUMBER_OBJECT_CONVERSION = YES_AGGRESSIVE;
				CLANG_CXX_LANGUAGE_STANDARD = "gnu++17";
				CLANG_ENABLE_MODULES = YES;
				CLANG_ENABLE_OBJC_ARC = YES;
				CLANG_ENABLE_OBJC_WEAK = YES;
				CLANG_WARN_BLOCK_CAPTURE_AUTORELEASING = YES;
				CLANG_WARN_BOOL_CONVERSION = YES;
				CLANG_WARN_COMMA = YES;
				CLANG_WARN_CONSTANT_CONVERSION = YES;
				CLANG_WARN_DEPRECATED_OBJC_IMPLEMENTATIONS = YES;
				CLANG_WARN_DIRECT_OBJC_ISA_USAGE = YES_ERROR;
				CLANG_WARN_DOCUMENTATION_COMMENTS = YES;
				CLANG_WARN_EMPTY_BODY = YES;
				CLANG_WARN_ENUM_CONVERSION = YES;
				CLANG_WARN_INFINITE_RECURSION = YES;
				CLANG_WARN_INT_CONVERSION = YES;
				CLANG_WARN_NON_LITERAL_NULL_CONVERSION = YES;
				CLANG_WARN_OBJC_IMPLICIT_RETAIN_SELF = YES;
				CLANG_WARN_OBJC_LITERAL_CONVERSION = YES;
				CLANG_WARN_OBJC_ROOT_CLASS = YES_ERROR;
				CLANG_WARN_QUOTED_INCLUDE_IN_FRAMEWORK_HEADER = YES;
				CLANG_WARN_RANGE_LOOP_ANALYSIS = YES;
				CLANG_WARN_STRICT_PROTOTYPES = YES;
				CLANG_WARN_SUSPICIOUS_MOVE = YES;
				CLANG_WARN_UNGUARDED_AVAILABILITY = YES_AGGRESSIVE;
				CLANG_WARN_UNREACHABLE_CODE = YES;
				CLANG_WARN__DUPLICATE_METHOD_MATCH = YES;
				COPY_PHASE_STRIP = NO;
				DEBUG_INFORMATION_FORMAT = "dwarf-with-dsym";
				ENABLE_NS_ASSERTIONS = NO;
				ENABLE_STRICT_OBJC_MSGSEND = YES;
				GCC_C_LANGUAGE_STANDARD = gnu11;
				GCC_NO_COMMON_BLOCKS = YES;
				GCC_WARN_64_TO_32_BIT_CONVERSION = YES;
				GCC_WARN_ABOUT_RETURN_TYPE = YES_ERROR;
				GCC_WARN_UNDECLARED_SELECTOR = YES;
				GCC_WARN_UNINITIALIZED_AUTOS = YES_AGGRESSIVE;
				GCC_WARN_UNUSED_FUNCTION = YES;
				GCC_WARN_UNUSED_VARIABLE = YES;
				IPHONEOS_DEPLOYMENT_TARGET = 15.5;
				MTL_ENABLE_DEBUG_INFO = NO;
				MTL_FAST_MATH = YES;
				SDKROOT = iphoneos;
				SWIFT_COMPILATION_MODE = wholemodule;
				SWIFT_OPTIMIZATION_LEVEL = "-O";
				VALIDATE_PRODUCT = YES;
			};
			name = Release;
		};
		E5F2F2052841FC2B007CF7C6 /* Debug */ = {
			isa = XCBuildConfiguration;
			buildSettings = {
				ASSETCATALOG_COMPILER_APPICON_NAME = AppIcon;
				ASSETCATALOG_COMPILER_GLOBAL_ACCENT_COLOR_NAME = AccentColor;
				CODE_SIGN_STYLE = Automatic;
				CURRENT_PROJECT_VERSION = 1;
				DEVELOPMENT_TEAM = 95JTZ6AP78;
				GENERATE_INFOPLIST_FILE = YES;
				INFOPLIST_FILE = twitter/Info.plist;
				INFOPLIST_KEY_UIApplicationSupportsIndirectInputEvents = YES;
				INFOPLIST_KEY_UILaunchStoryboardName = LaunchScreen;
				INFOPLIST_KEY_UISupportedInterfaceOrientations_iPad = "UIInterfaceOrientationPortrait UIInterfaceOrientationPortraitUpsideDown UIInterfaceOrientationLandscapeLeft UIInterfaceOrientationLandscapeRight";
				INFOPLIST_KEY_UISupportedInterfaceOrientations_iPhone = "UIInterfaceOrientationPortrait UIInterfaceOrientationLandscapeLeft UIInterfaceOrientationLandscapeRight";
				LD_RUNPATH_SEARCH_PATHS = (
					"$(inherited)",
					"@executable_path/Frameworks",
				);
				MARKETING_VERSION = 1.0;
				PRODUCT_BUNDLE_IDENTIFIER = eungcheol.twitter;
				PRODUCT_NAME = "$(TARGET_NAME)";
				SWIFT_EMIT_LOC_STRINGS = YES;
				SWIFT_VERSION = 5.0;
				TARGETED_DEVICE_FAMILY = "1,2";
			};
			name = Debug;
		};
		E5F2F2062841FC2B007CF7C6 /* Release */ = {
			isa = XCBuildConfiguration;
			buildSettings = {
				ASSETCATALOG_COMPILER_APPICON_NAME = AppIcon;
				ASSETCATALOG_COMPILER_GLOBAL_ACCENT_COLOR_NAME = AccentColor;
				CODE_SIGN_STYLE = Automatic;
				CURRENT_PROJECT_VERSION = 1;
				DEVELOPMENT_TEAM = 95JTZ6AP78;
				GENERATE_INFOPLIST_FILE = YES;
				INFOPLIST_FILE = twitter/Info.plist;
				INFOPLIST_KEY_UIApplicationSupportsIndirectInputEvents = YES;
				INFOPLIST_KEY_UILaunchStoryboardName = LaunchScreen;
				INFOPLIST_KEY_UISupportedInterfaceOrientations_iPad = "UIInterfaceOrientationPortrait UIInterfaceOrientationPortraitUpsideDown UIInterfaceOrientationLandscapeLeft UIInterfaceOrientationLandscapeRight";
				INFOPLIST_KEY_UISupportedInterfaceOrientations_iPhone = "UIInterfaceOrientationPortrait UIInterfaceOrientationLandscapeLeft UIInterfaceOrientationLandscapeRight";
				LD_RUNPATH_SEARCH_PATHS = (
					"$(inherited)",
					"@executable_path/Frameworks",
				);
				MARKETING_VERSION = 1.0;
				PRODUCT_BUNDLE_IDENTIFIER = eungcheol.twitter;
				PRODUCT_NAME = "$(TARGET_NAME)";
				SWIFT_EMIT_LOC_STRINGS = YES;
				SWIFT_VERSION = 5.0;
				TARGETED_DEVICE_FAMILY = "1,2";
			};
			name = Release;
		};
/* End XCBuildConfiguration section */

/* Begin XCConfigurationList section */
		E5F2F1EB2841FC29007CF7C6 /* Build configuration list for PBXProject "twitter" */ = {
			isa = XCConfigurationList;
			buildConfigurations = (
				E5F2F2022841FC2B007CF7C6 /* Debug */,
				E5F2F2032841FC2B007CF7C6 /* Release */,
			);
			defaultConfigurationIsVisible = 0;
			defaultConfigurationName = Release;
		};
		E5F2F2042841FC2B007CF7C6 /* Build configuration list for PBXNativeTarget "twitter" */ = {
			isa = XCConfigurationList;
			buildConfigurations = (
				E5F2F2052841FC2B007CF7C6 /* Debug */,
				E5F2F2062841FC2B007CF7C6 /* Release */,
			);
			defaultConfigurationIsVisible = 0;
			defaultConfigurationName = Release;
		};
/* End XCConfigurationList section */

/* Begin XCRemoteSwiftPackageReference section */
		E5F2F22028423D20007CF7C6 /* XCRemoteSwiftPackageReference "SnapKit" */ = {
			isa = XCRemoteSwiftPackageReference;
			repositoryURL = "https://github.com/SnapKit/SnapKit.git";
			requirement = {
				kind = upToNextMinorVersion;
				minimumVersion = 5.6.0;
			};
		};
		E5F2F2272842F3EE007CF7C6 /* XCRemoteSwiftPackageReference "firebase-ios-sdk" */ = {
			isa = XCRemoteSwiftPackageReference;
			repositoryURL = "https://github.com/firebase/firebase-ios-sdk";
			requirement = {
				kind = upToNextMinorVersion;
				minimumVersion = 9.1.0;
			};
		};
		E5F2F23828436238007CF7C6 /* XCRemoteSwiftPackageReference "Kingfisher" */ = {
			isa = XCRemoteSwiftPackageReference;
			repositoryURL = "https://github.com/onevcat/Kingfisher";
			requirement = {
				kind = upToNextMinorVersion;
				minimumVersion = 7.2.0;
			};
		};
/* End XCRemoteSwiftPackageReference section */

/* Begin XCSwiftPackageProductDependency section */
		E5F2F22128423D20007CF7C6 /* SnapKit */ = {
			isa = XCSwiftPackageProductDependency;
			package = E5F2F22028423D20007CF7C6 /* XCRemoteSwiftPackageReference "SnapKit" */;
			productName = SnapKit;
		};
		E5F2F2282842F3EE007CF7C6 /* FirebaseAuth */ = {
			isa = XCSwiftPackageProductDependency;
			package = E5F2F2272842F3EE007CF7C6 /* XCRemoteSwiftPackageReference "firebase-ios-sdk" */;
			productName = FirebaseAuth;
		};
		E5F2F22A2842F3EE007CF7C6 /* FirebaseDatabase */ = {
			isa = XCSwiftPackageProductDependency;
			package = E5F2F2272842F3EE007CF7C6 /* XCRemoteSwiftPackageReference "firebase-ios-sdk" */;
			productName = FirebaseDatabase;
		};
		E5F2F22C2842F3EE007CF7C6 /* FirebaseStorage */ = {
			isa = XCSwiftPackageProductDependency;
			package = E5F2F2272842F3EE007CF7C6 /* XCRemoteSwiftPackageReference "firebase-ios-sdk" */;
			productName = FirebaseStorage;
		};
		E5F2F23928436238007CF7C6 /* Kingfisher */ = {
			isa = XCSwiftPackageProductDependency;
			package = E5F2F23828436238007CF7C6 /* XCRemoteSwiftPackageReference "Kingfisher" */;
			productName = Kingfisher;
		};
/* End XCSwiftPackageProductDependency section */
	};
	rootObject = E5F2F1E82841FC29007CF7C6 /* Project object */;
}
